// !$*UTF8*$!
{
	archiveVersion = 1;
	classes = {
	};
	objectVersion = 56;
	objects = {

/* Begin PBXBuildFile section */
		4791453328E6817D0081A50B /* UI_684App.swift in Sources */ = {isa = PBXBuildFile; fileRef = 4791453228E6817D0081A50B /* UI_684App.swift */; };
		4791453528E6817D0081A50B /* ContentView.swift in Sources */ = {isa = PBXBuildFile; fileRef = 4791453428E6817D0081A50B /* ContentView.swift */; };
		4791453728E6817D0081A50B /* Assets.xcassets in Resources */ = {isa = PBXBuildFile; fileRef = 4791453628E6817D0081A50B /* Assets.xcassets */; };
		4791453A28E6817D0081A50B /* Preview Assets.xcassets in Resources */ = {isa = PBXBuildFile; fileRef = 4791453928E6817D0081A50B /* Preview Assets.xcassets */; };
		4791454428E6817E0081A50B /* UI_684Tests.swift in Sources */ = {isa = PBXBuildFile; fileRef = 4791454328E6817E0081A50B /* UI_684Tests.swift */; };
		4791454E28E6817E0081A50B /* UI_684UITests.swift in Sources */ = {isa = PBXBuildFile; fileRef = 4791454D28E6817E0081A50B /* UI_684UITests.swift */; };
		4791455028E6817E0081A50B /* UI_684UITestsLaunchTests.swift in Sources */ = {isa = PBXBuildFile; fileRef = 4791454F28E6817E0081A50B /* UI_684UITestsLaunchTests.swift */; };
		4791455E28E681BB0081A50B /* CustomRefleshView.swift in Sources */ = {isa = PBXBuildFile; fileRef = 4791455D28E681BB0081A50B /* CustomRefleshView.swift */; };
/* End PBXBuildFile section */

/* Begin PBXContainerItemProxy section */
		4791454028E6817E0081A50B /* PBXContainerItemProxy */ = {
			isa = PBXContainerItemProxy;
			containerPortal = 4791452728E6817D0081A50B /* Project object */;
			proxyType = 1;
			remoteGlobalIDString = 4791452E28E6817D0081A50B;
			remoteInfo = "UI-684";
		};
		4791454A28E6817E0081A50B /* PBXContainerItemProxy */ = {
			isa = PBXContainerItemProxy;
			containerPortal = 4791452728E6817D0081A50B /* Project object */;
			proxyType = 1;
			remoteGlobalIDString = 4791452E28E6817D0081A50B;
			remoteInfo = "UI-684";
		};
/* End PBXContainerItemProxy section */

/* Begin PBXFileReference section */
		4791452F28E6817D0081A50B /* UI-684.app */ = {isa = PBXFileReference; explicitFileType = wrapper.application; includeInIndex = 0; path = "UI-684.app"; sourceTree = BUILT_PRODUCTS_DIR; };
		4791453228E6817D0081A50B /* UI_684App.swift */ = {isa = PBXFileReference; lastKnownFileType = sourcecode.swift; path = UI_684App.swift; sourceTree = "<group>"; };
		4791453428E6817D0081A50B /* ContentView.swift */ = {isa = PBXFileReference; lastKnownFileType = sourcecode.swift; path = ContentView.swift; sourceTree = "<group>"; };
		4791453628E6817D0081A50B /* Assets.xcassets */ = {isa = PBXFileReference; lastKnownFileType = folder.assetcatalog; path = Assets.xcassets; sourceTree = "<group>"; };
		4791453928E6817D0081A50B /* Preview Assets.xcassets */ = {isa = PBXFileReference; lastKnownFileType = folder.assetcatalog; path = "Preview Assets.xcassets"; sourceTree = "<group>"; };
		4791453F28E6817E0081A50B /* UI-684Tests.xctest */ = {isa = PBXFileReference; explicitFileType = wrapper.cfbundle; includeInIndex = 0; path = "UI-684Tests.xctest"; sourceTree = BUILT_PRODUCTS_DIR; };
		4791454328E6817E0081A50B /* UI_684Tests.swift */ = {isa = PBXFileReference; lastKnownFileType = sourcecode.swift; path = UI_684Tests.swift; sourceTree = "<group>"; };
		4791454928E6817E0081A50B /* UI-684UITests.xctest */ = {isa = PBXFileReference; explicitFileType = wrapper.cfbundle; includeInIndex = 0; path = "UI-684UITests.xctest"; sourceTree = BUILT_PRODUCTS_DIR; };
		4791454D28E6817E0081A50B /* UI_684UITests.swift */ = {isa = PBXFileReference; lastKnownFileType = sourcecode.swift; path = UI_684UITests.swift; sourceTree = "<group>"; };
		4791454F28E6817E0081A50B /* UI_684UITestsLaunchTests.swift */ = {isa = PBXFileReference; lastKnownFileType = sourcecode.swift; path = UI_684UITestsLaunchTests.swift; sourceTree = "<group>"; };
		4791455D28E681BB0081A50B /* CustomRefleshView.swift */ = {isa = PBXFileReference; lastKnownFileType = sourcecode.swift; path = CustomRefleshView.swift; sourceTree = "<group>"; };
/* End PBXFileReference section */

/* Begin PBXFrameworksBuildPhase section */
		4791452C28E6817D0081A50B /* Frameworks */ = {
			isa = PBXFrameworksBuildPhase;
			buildActionMask = 2147483647;
			files = (
			);
			runOnlyForDeploymentPostprocessing = 0;
		};
		4791453C28E6817E0081A50B /* Frameworks */ = {
			isa = PBXFrameworksBuildPhase;
			buildActionMask = 2147483647;
			files = (
			);
			runOnlyForDeploymentPostprocessing = 0;
		};
		4791454628E6817E0081A50B /* Frameworks */ = {
			isa = PBXFrameworksBuildPhase;
			buildActionMask = 2147483647;
			files = (
			);
			runOnlyForDeploymentPostprocessing = 0;
		};
/* End PBXFrameworksBuildPhase section */

/* Begin PBXGroup section */
		4791452628E6817D0081A50B = {
			isa = PBXGroup;
			children = (
				4791453128E6817D0081A50B /* UI-684 */,
				4791454228E6817E0081A50B /* UI-684Tests */,
				4791454C28E6817E0081A50B /* UI-684UITests */,
				4791453028E6817D0081A50B /* Products */,
			);
			sourceTree = "<group>";
		};
		4791453028E6817D0081A50B /* Products */ = {
			isa = PBXGroup;
			children = (
				4791452F28E6817D0081A50B /* UI-684.app */,
				4791453F28E6817E0081A50B /* UI-684Tests.xctest */,
				4791454928E6817E0081A50B /* UI-684UITests.xctest */,
			);
			name = Products;
			sourceTree = "<group>";
		};
		4791453128E6817D0081A50B /* UI-684 */ = {
			isa = PBXGroup;
			children = (
				4791455C28E6818C0081A50B /* View */,
				4791453228E6817D0081A50B /* UI_684App.swift */,
				4791453428E6817D0081A50B /* ContentView.swift */,
				4791453628E6817D0081A50B /* Assets.xcassets */,
				4791453828E6817D0081A50B /* Preview Content */,
			);
			path = "UI-684";
			sourceTree = "<group>";
		};
		4791453828E6817D0081A50B /* Preview Content */ = {
			isa = PBXGroup;
			children = (
				4791453928E6817D0081A50B /* Preview Assets.xcassets */,
			);
			path = "Preview Content";
			sourceTree = "<group>";
		};
		4791454228E6817E0081A50B /* UI-684Tests */ = {
			isa = PBXGroup;
			children = (
				4791454328E6817E0081A50B /* UI_684Tests.swift */,
			);
			path = "UI-684Tests";
			sourceTree = "<group>";
		};
		4791454C28E6817E0081A50B /* UI-684UITests */ = {
			isa = PBXGroup;
			children = (
				4791454D28E6817E0081A50B /* UI_684UITests.swift */,
				4791454F28E6817E0081A50B /* UI_684UITestsLaunchTests.swift */,
			);
			path = "UI-684UITests";
			sourceTree = "<group>";
		};
		4791455C28E6818C0081A50B /* View */ = {
			isa = PBXGroup;
			children = (
				4791455D28E681BB0081A50B /* CustomRefleshView.swift */,
			);
			path = View;
			sourceTree = "<group>";
		};
/* End PBXGroup section */

/* Begin PBXNativeTarget section */
		4791452E28E6817D0081A50B /* UI-684 */ = {
			isa = PBXNativeTarget;
			buildConfigurationList = 4791455328E6817E0081A50B /* Build configuration list for PBXNativeTarget "UI-684" */;
			buildPhases = (
				4791452B28E6817D0081A50B /* Sources */,
				4791452C28E6817D0081A50B /* Frameworks */,
				4791452D28E6817D0081A50B /* Resources */,
			);
			buildRules = (
			);
			dependencies = (
			);
			name = "UI-684";
			productName = "UI-684";
			productReference = 4791452F28E6817D0081A50B /* UI-684.app */;
			productType = "com.apple.product-type.application";
		};
		4791453E28E6817E0081A50B /* UI-684Tests */ = {
			isa = PBXNativeTarget;
			buildConfigurationList = 4791455628E6817E0081A50B /* Build configuration list for PBXNativeTarget "UI-684Tests" */;
			buildPhases = (
				4791453B28E6817E0081A50B /* Sources */,
				4791453C28E6817E0081A50B /* Frameworks */,
				4791453D28E6817E0081A50B /* Resources */,
			);
			buildRules = (
			);
			dependencies = (
				4791454128E6817E0081A50B /* PBXTargetDependency */,
			);
			name = "UI-684Tests";
			productName = "UI-684Tests";
			productReference = 4791453F28E6817E0081A50B /* UI-684Tests.xctest */;
			productType = "com.apple.product-type.bundle.unit-test";
		};
		4791454828E6817E0081A50B /* UI-684UITests */ = {
			isa = PBXNativeTarget;
			buildConfigurationList = 4791455928E6817E0081A50B /* Build configuration list for PBXNativeTarget "UI-684UITests" */;
			buildPhases = (
				4791454528E6817E0081A50B /* Sources */,
				4791454628E6817E0081A50B /* Frameworks */,
				4791454728E6817E0081A50B /* Resources */,
			);
			buildRules = (
			);
			dependencies = (
				4791454B28E6817E0081A50B /* PBXTargetDependency */,
			);
			name = "UI-684UITests";
			productName = "UI-684UITests";
			productReference = 4791454928E6817E0081A50B /* UI-684UITests.xctest */;
			productType = "com.apple.product-type.bundle.ui-testing";
		};
/* End PBXNativeTarget section */

/* Begin PBXProject section */
		4791452728E6817D0081A50B /* Project object */ = {
			isa = PBXProject;
			attributes = {
				BuildIndependentTargetsInParallel = 1;
				LastSwiftUpdateCheck = 1410;
				LastUpgradeCheck = 1410;
				TargetAttributes = {
					4791452E28E6817D0081A50B = {
						CreatedOnToolsVersion = 14.1;
					};
					4791453E28E6817E0081A50B = {
						CreatedOnToolsVersion = 14.1;
						TestTargetID = 4791452E28E6817D0081A50B;
					};
					4791454828E6817E0081A50B = {
						CreatedOnToolsVersion = 14.1;
						TestTargetID = 4791452E28E6817D0081A50B;
					};
				};
			};
			buildConfigurationList = 4791452A28E6817D0081A50B /* Build configuration list for PBXProject "UI-684" */;
			compatibilityVersion = "Xcode 14.0";
			developmentRegion = en;
			hasScannedForEncodings = 0;
			knownRegions = (
				en,
				Base,
			);
			mainGroup = 4791452628E6817D0081A50B;
			productRefGroup = 4791453028E6817D0081A50B /* Products */;
			projectDirPath = "";
			projectRoot = "";
			targets = (
				4791452E28E6817D0081A50B /* UI-684 */,
				4791453E28E6817E0081A50B /* UI-684Tests */,
				4791454828E6817E0081A50B /* UI-684UITests */,
			);
		};
/* End PBXProject section */

/* Begin PBXResourcesBuildPhase section */
		4791452D28E6817D0081A50B /* Resources */ = {
			isa = PBXResourcesBuildPhase;
			buildActionMask = 2147483647;
			files = (
				4791453A28E6817D0081A50B /* Preview Assets.xcassets in Resources */,
				4791453728E6817D0081A50B /* Assets.xcassets in Resources */,
			);
			runOnlyForDeploymentPostprocessing = 0;
		};
		4791453D28E6817E0081A50B /* Resources */ = {
			isa = PBXResourcesBuildPhase;
			buildActionMask = 2147483647;
			files = (
			);
			runOnlyForDeploymentPostprocessing = 0;
		};
		4791454728E6817E0081A50B /* Resources */ = {
			isa = PBXResourcesBuildPhase;
			buildActionMask = 2147483647;
			files = (
			);
			runOnlyForDeploymentPostprocessing = 0;
		};
/* End PBXResourcesBuildPhase section */

/* Begin PBXSourcesBuildPhase section */
		4791452B28E6817D0081A50B /* Sources */ = {
			isa = PBXSourcesBuildPhase;
			buildActionMask = 2147483647;
			files = (
				4791453528E6817D0081A50B /* ContentView.swift in Sources */,
				4791453328E6817D0081A50B /* UI_684App.swift in Sources */,
				4791455E28E681BB0081A50B /* CustomRefleshView.swift in Sources */,
			);
			runOnlyForDeploymentPostprocessing = 0;
		};
		4791453B28E6817E0081A50B /* Sources */ = {
			isa = PBXSourcesBuildPhase;
			buildActionMask = 2147483647;
			files = (
				4791454428E6817E0081A50B /* UI_684Tests.swift in Sources */,
			);
			runOnlyForDeploymentPostprocessing = 0;
		};
		4791454528E6817E0081A50B /* Sources */ = {
			isa = PBXSourcesBuildPhase;
			buildActionMask = 2147483647;
			files = (
				4791454E28E6817E0081A50B /* UI_684UITests.swift in Sources */,
				4791455028E6817E0081A50B /* UI_684UITestsLaunchTests.swift in Sources */,
			);
			runOnlyForDeploymentPostprocessing = 0;
		};
/* End PBXSourcesBuildPhase section */

/* Begin PBXTargetDependency section */
		4791454128E6817E0081A50B /* PBXTargetDependency */ = {
			isa = PBXTargetDependency;
			target = 4791452E28E6817D0081A50B /* UI-684 */;
			targetProxy = 4791454028E6817E0081A50B /* PBXContainerItemProxy */;
		};
		4791454B28E6817E0081A50B /* PBXTargetDependency */ = {
			isa = PBXTargetDependency;
			target = 4791452E28E6817D0081A50B /* UI-684 */;
			targetProxy = 4791454A28E6817E0081A50B /* PBXContainerItemProxy */;
		};
/* End PBXTargetDependency section */

/* Begin XCBuildConfiguration section */
		4791455128E6817E0081A50B /* Debug */ = {
			isa = XCBuildConfiguration;
			buildSettings = {
				ALWAYS_SEARCH_USER_PATHS = NO;
				CLANG_ANALYZER_NONNULL = YES;
				CLANG_ANALYZER_NUMBER_OBJECT_CONVERSION = YES_AGGRESSIVE;
				CLANG_CXX_LANGUAGE_STANDARD = "gnu++20";
				CLANG_ENABLE_MODULES = YES;
				CLANG_ENABLE_OBJC_ARC = YES;
				CLANG_ENABLE_OBJC_WEAK = YES;
				CLANG_WARN_BLOCK_CAPTURE_AUTORELEASING = YES;
				CLANG_WARN_BOOL_CONVERSION = YES;
				CLANG_WARN_COMMA = YES;
				CLANG_WARN_CONSTANT_CONVERSION = YES;
				CLANG_WARN_DEPRECATED_OBJC_IMPLEMENTATIONS = YES;
				CLANG_WARN_DIRECT_OBJC_ISA_USAGE = YES_ERROR;
				CLANG_WARN_DOCUMENTATION_COMMENTS = YES;
				CLANG_WARN_EMPTY_BODY = YES;
				CLANG_WARN_ENUM_CONVERSION = YES;
				CLANG_WARN_INFINITE_RECURSION = YES;
				CLANG_WARN_INT_CONVERSION = YES;
				CLANG_WARN_NON_LITERAL_NULL_CONVERSION = YES;
				CLANG_WARN_OBJC_IMPLICIT_RETAIN_SELF = YES;
				CLANG_WARN_OBJC_LITERAL_CONVERSION = YES;
				CLANG_WARN_OBJC_ROOT_CLASS = YES_ERROR;
				CLANG_WARN_QUOTED_INCLUDE_IN_FRAMEWORK_HEADER = YES;
				CLANG_WARN_RANGE_LOOP_ANALYSIS = YES;
				CLANG_WARN_STRICT_PROTOTYPES = YES;
				CLANG_WARN_SUSPICIOUS_MOVE = YES;
				CLANG_WARN_UNGUARDED_AVAILABILITY = YES_AGGRESSIVE;
				CLANG_WARN_UNREACHABLE_CODE = YES;
				CLANG_WARN__DUPLICATE_METHOD_MATCH = YES;
				COPY_PHASE_STRIP = NO;
				DEBUG_INFORMATION_FORMAT = dwarf;
				ENABLE_STRICT_OBJC_MSGSEND = YES;
				ENABLE_TESTABILITY = YES;
				GCC_C_LANGUAGE_STANDARD = gnu11;
				GCC_DYNAMIC_NO_PIC = NO;
				GCC_NO_COMMON_BLOCKS = YES;
				GCC_OPTIMIZATION_LEVEL = 0;
				GCC_PREPROCESSOR_DEFINITIONS = (
					"DEBUG=1",
					"$(inherited)",
				);
				GCC_WARN_64_TO_32_BIT_CONVERSION = YES;
				GCC_WARN_ABOUT_RETURN_TYPE = YES_ERROR;
				GCC_WARN_UNDECLARED_SELECTOR = YES;
				GCC_WARN_UNINITIALIZED_AUTOS = YES_AGGRESSIVE;
				GCC_WARN_UNUSED_FUNCTION = YES;
				GCC_WARN_UNUSED_VARIABLE = YES;
				IPHONEOS_DEPLOYMENT_TARGET = 16.1;
				MTL_ENABLE_DEBUG_INFO = INCLUDE_SOURCE;
				MTL_FAST_MATH = YES;
				ONLY_ACTIVE_ARCH = YES;
				SDKROOT = iphoneos;
				SWIFT_ACTIVE_COMPILATION_CONDITIONS = DEBUG;
				SWIFT_OPTIMIZATION_LEVEL = "-Onone";
			};
			name = Debug;
		};
		4791455228E6817E0081A50B /* Release */ = {
			isa = XCBuildConfiguration;
			buildSettings = {
				ALWAYS_SEARCH_USER_PATHS = NO;
				CLANG_ANALYZER_NONNULL = YES;
				CLANG_ANALYZER_NUMBER_OBJECT_CONVERSION = YES_AGGRESSIVE;
				CLANG_CXX_LANGUAGE_STANDARD = "gnu++20";
				CLANG_ENABLE_MODULES = YES;
				CLANG_ENABLE_OBJC_ARC = YES;
				CLANG_ENABLE_OBJC_WEAK = YES;
				CLANG_WARN_BLOCK_CAPTURE_AUTORELEASING = YES;
				CLANG_WARN_BOOL_CONVERSION = YES;
				CLANG_WARN_COMMA = YES;
				CLANG_WARN_CONSTANT_CONVERSION = YES;
				CLANG_WARN_DEPRECATED_OBJC_IMPLEMENTATIONS = YES;
				CLANG_WARN_DIRECT_OBJC_ISA_USAGE = YES_ERROR;
				CLANG_WARN_DOCUMENTATION_COMMENTS = YES;
				CLANG_WARN_EMPTY_BODY = YES;
				CLANG_WARN_ENUM_CONVERSION = YES;
				CLANG_WARN_INFINITE_RECURSION = YES;
				CLANG_WARN_INT_CONVERSION = YES;
				CLANG_WARN_NON_LITERAL_NULL_CONVERSION = YES;
				CLANG_WARN_OBJC_IMPLICIT_RETAIN_SELF = YES;
				CLANG_WARN_OBJC_LITERAL_CONVERSION = YES;
				CLANG_WARN_OBJC_ROOT_CLASS = YES_ERROR;
				CLANG_WARN_QUOTED_INCLUDE_IN_FRAMEWORK_HEADER = YES;
				CLANG_WARN_RANGE_LOOP_ANALYSIS = YES;
				CLANG_WARN_STRICT_PROTOTYPES = YES;
				CLANG_WARN_SUSPICIOUS_MOVE = YES;
				CLANG_WARN_UNGUARDED_AVAILABILITY = YES_AGGRESSIVE;
				CLANG_WARN_UNREACHABLE_CODE = YES;
				CLANG_WARN__DUPLICATE_METHOD_MATCH = YES;
				COPY_PHASE_STRIP = NO;
				DEBUG_INFORMATION_FORMAT = "dwarf-with-dsym";
				ENABLE_NS_ASSERTIONS = NO;
				ENABLE_STRICT_OBJC_MSGSEND = YES;
				GCC_C_LANGUAGE_STANDARD = gnu11;
				GCC_NO_COMMON_BLOCKS = YES;
				GCC_WARN_64_TO_32_BIT_CONVERSION = YES;
				GCC_WARN_ABOUT_RETURN_TYPE = YES_ERROR;
				GCC_WARN_UNDECLARED_SELECTOR = YES;
				GCC_WARN_UNINITIALIZED_AUTOS = YES_AGGRESSIVE;
				GCC_WARN_UNUSED_FUNCTION = YES;
				GCC_WARN_UNUSED_VARIABLE = YES;
				IPHONEOS_DEPLOYMENT_TARGET = 16.1;
				MTL_ENABLE_DEBUG_INFO = NO;
				MTL_FAST_MATH = YES;
				SDKROOT = iphoneos;
				SWIFT_COMPILATION_MODE = wholemodule;
				SWIFT_OPTIMIZATION_LEVEL = "-O";
				VALIDATE_PRODUCT = YES;
			};
			name = Release;
		};
		4791455428E6817E0081A50B /* Debug */ = {
			isa = XCBuildConfiguration;
			buildSettings = {
				ASSETCATALOG_COMPILER_APPICON_NAME = AppIcon;
				ASSETCATALOG_COMPILER_GLOBAL_ACCENT_COLOR_NAME = AccentColor;
				CODE_SIGN_STYLE = Automatic;
				CURRENT_PROJECT_VERSION = 1;
				DEVELOPMENT_ASSET_PATHS = "\"UI-684/Preview Content\"";
				DEVELOPMENT_TEAM = 8CL4U468K5;
				ENABLE_PREVIEWS = YES;
				GENERATE_INFOPLIST_FILE = YES;
				INFOPLIST_KEY_UIApplicationSceneManifest_Generation = YES;
				INFOPLIST_KEY_UIApplicationSupportsIndirectInputEvents = YES;
				INFOPLIST_KEY_UILaunchScreen_Generation = YES;
				INFOPLIST_KEY_UISupportedInterfaceOrientations_iPad = "UIInterfaceOrientationPortrait UIInterfaceOrientationPortraitUpsideDown UIInterfaceOrientationLandscapeLeft UIInterfaceOrientationLandscapeRight";
				INFOPLIST_KEY_UISupportedInterfaceOrientations_iPhone = "UIInterfaceOrientationPortrait UIInterfaceOrientationLandscapeLeft UIInterfaceOrientationLandscapeRight";
				LD_RUNPATH_SEARCH_PATHS = (
					"$(inherited)",
					"@executable_path/Frameworks",
				);
				MARKETING_VERSION = 1.0;
				PRODUCT_BUNDLE_IDENTIFIER = "com.585.UI-684";
				PRODUCT_NAME = "$(TARGET_NAME)";
				SWIFT_EMIT_LOC_STRINGS = YES;
				SWIFT_VERSION = 5.0;
				TARGETED_DEVICE_FAMILY = "1,2";
			};
			name = Debug;
		};
		4791455528E6817E0081A50B /* Release */ = {
			isa = XCBuildConfiguration;
			buildSettings = {
				ASSETCATALOG_COMPILER_APPICON_NAME = AppIcon;
				ASSETCATALOG_COMPILER_GLOBAL_ACCENT_COLOR_NAME = AccentColor;
				CODE_SIGN_STYLE = Automatic;
				CURRENT_PROJECT_VERSION = 1;
				DEVELOPMENT_ASSET_PATHS = "\"UI-684/Preview Content\"";
				DEVELOPMENT_TEAM = 8CL4U468K5;
				ENABLE_PREVIEWS = YES;
				GENERATE_INFOPLIST_FILE = YES;
				INFOPLIST_KEY_UIApplicationSceneManifest_Generation = YES;
				INFOPLIST_KEY_UIApplicationSupportsIndirectInputEvents = YES;
				INFOPLIST_KEY_UILaunchScreen_Generation = YES;
				INFOPLIST_KEY_UISupportedInterfaceOrientations_iPad = "UIInterfaceOrientationPortrait UIInterfaceOrientationPortraitUpsideDown UIInterfaceOrientationLandscapeLeft UIInterfaceOrientationLandscapeRight";
				INFOPLIST_KEY_UISupportedInterfaceOrientations_iPhone = "UIInterfaceOrientationPortrait UIInterfaceOrientationLandscapeLeft UIInterfaceOrientationLandscapeRight";
				LD_RUNPATH_SEARCH_PATHS = (
					"$(inherited)",
					"@executable_path/Frameworks",
				);
				MARKETING_VERSION = 1.0;
				PRODUCT_BUNDLE_IDENTIFIER = "com.585.UI-684";
				PRODUCT_NAME = "$(TARGET_NAME)";
				SWIFT_EMIT_LOC_STRINGS = YES;
				SWIFT_VERSION = 5.0;
				TARGETED_DEVICE_FAMILY = "1,2";
			};
			name = Release;
		};
		4791455728E6817E0081A50B /* Debug */ = {
			isa = XCBuildConfiguration;
			buildSettings = {
				ALWAYS_EMBED_SWIFT_STANDARD_LIBRARIES = YES;
				BUNDLE_LOADER = "$(TEST_HOST)";
				CODE_SIGN_STYLE = Automatic;
				CURRENT_PROJECT_VERSION = 1;
				DEVELOPMENT_TEAM = 8CL4U468K5;
				GENERATE_INFOPLIST_FILE = YES;
				IPHONEOS_DEPLOYMENT_TARGET = 16.1;
				MARKETING_VERSION = 1.0;
				PRODUCT_BUNDLE_IDENTIFIER = "com.585.UI-684Tests";
				PRODUCT_NAME = "$(TARGET_NAME)";
				SWIFT_EMIT_LOC_STRINGS = NO;
				SWIFT_VERSION = 5.0;
				TARGETED_DEVICE_FAMILY = "1,2";
				TEST_HOST = "$(BUILT_PRODUCTS_DIR)/UI-684.app/$(BUNDLE_EXECUTABLE_FOLDER_PATH)/UI-684";
			};
			name = Debug;
		};
		4791455828E6817E0081A50B /* Release */ = {
			isa = XCBuildConfiguration;
			buildSettings = {
				ALWAYS_EMBED_SWIFT_STANDARD_LIBRARIES = YES;
				BUNDLE_LOADER = "$(TEST_HOST)";
				CODE_SIGN_STYLE = Automatic;
				CURRENT_PROJECT_VERSION = 1;
				DEVELOPMENT_TEAM = 8CL4U468K5;
				GENERATE_INFOPLIST_FILE = YES;
				IPHONEOS_DEPLOYMENT_TARGET = 16.1;
				MARKETING_VERSION = 1.0;
				PRODUCT_BUNDLE_IDENTIFIER = "com.585.UI-684Tests";
				PRODUCT_NAME = "$(TARGET_NAME)";
				SWIFT_EMIT_LOC_STRINGS = NO;
				SWIFT_VERSION = 5.0;
				TARGETED_DEVICE_FAMILY = "1,2";
				TEST_HOST = "$(BUILT_PRODUCTS_DIR)/UI-684.app/$(BUNDLE_EXECUTABLE_FOLDER_PATH)/UI-684";
			};
			name = Release;
		};
		4791455A28E6817E0081A50B /* Debug */ = {
			isa = XCBuildConfiguration;
			buildSettings = {
				ALWAYS_EMBED_SWIFT_STANDARD_LIBRARIES = YES;
				CODE_SIGN_STYLE = Automatic;
				CURRENT_PROJECT_VERSION = 1;
				DEVELOPMENT_TEAM = 8CL4U468K5;
				GENERATE_INFOPLIST_FILE = YES;
				MARKETING_VERSION = 1.0;
				PRODUCT_BUNDLE_IDENTIFIER = "com.585.UI-684UITests";
				PRODUCT_NAME = "$(TARGET_NAME)";
				SWIFT_EMIT_LOC_STRINGS = NO;
				SWIFT_VERSION = 5.0;
				TARGETED_DEVICE_FAMILY = "1,2";
				TEST_TARGET_NAME = "UI-684";
			};
			name = Debug;
		};
		4791455B28E6817E0081A50B /* Release */ = {
			isa = XCBuildConfiguration;
			buildSettings = {
				ALWAYS_EMBED_SWIFT_STANDARD_LIBRARIES = YES;
				CODE_SIGN_STYLE = Automatic;
				CURRENT_PROJECT_VERSION = 1;
				DEVELOPMENT_TEAM = 8CL4U468K5;
				GENERATE_INFOPLIST_FILE = YES;
				MARKETING_VERSION = 1.0;
				PRODUCT_BUNDLE_IDENTIFIER = "com.585.UI-684UITests";
				PRODUCT_NAME = "$(TARGET_NAME)";
				SWIFT_EMIT_LOC_STRINGS = NO;
				SWIFT_VERSION = 5.0;
				TARGETED_DEVICE_FAMILY = "1,2";
				TEST_TARGET_NAME = "UI-684";
			};
			name = Release;
		};
/* End XCBuildConfiguration section */

/* Begin XCConfigurationList section */
		4791452A28E6817D0081A50B /* Build configuration list for PBXProject "UI-684" */ = {
			isa = XCConfigurationList;
			buildConfigurations = (
				4791455128E6817E0081A50B /* Debug */,
				4791455228E6817E0081A50B /* Release */,
			);
			defaultConfigurationIsVisible = 0;
			defaultConfigurationName = Release;
		};
		4791455328E6817E0081A50B /* Build configuration list for PBXNativeTarget "UI-684" */ = {
			isa = XCConfigurationList;
			buildConfigurations = (
				4791455428E6817E0081A50B /* Debug */,
				4791455528E6817E0081A50B /* Release */,
			);
			defaultConfigurationIsVisible = 0;
			defaultConfigurationName = Release;
		};
		4791455628E6817E0081A50B /* Build configuration list for PBXNativeTarget "UI-684Tests" */ = {
			isa = XCConfigurationList;
			buildConfigurations = (
				4791455728E6817E0081A50B /* Debug */,
				4791455828E6817E0081A50B /* Release */,
			);
			defaultConfigurationIsVisible = 0;
			defaultConfigurationName = Release;
		};
		4791455928E6817E0081A50B /* Build configuration list for PBXNativeTarget "UI-684UITests" */ = {
			isa = XCConfigurationList;
			buildConfigurations = (
				4791455A28E6817E0081A50B /* Debug */,
				4791455B28E6817E0081A50B /* Release */,
			);
			defaultConfigurationIsVisible = 0;
			defaultConfigurationName = Release;
		};
/* End XCConfigurationList section */
	};
	rootObject = 4791452728E6817D0081A50B /* Project object */;
}
